
Microsoft Visual Studio Solution File, Format Version 12.00
# Visual Studio Version 17
VisualStudioVersion = 17.8.34408.163
MinimumVisualStudioVersion = 10.0.40219.1
Project("{FAE04EC0-301F-11D3-BF4B-00C04F79EFBC}") = "App", "App\App.csproj", "{46F63708-5357-4F59-B05D-11D7FC12B998}"
EndProject
Project("{FAE04EC0-301F-11D3-BF4B-00C04F79EFBC}") = "BLS.Cloud", "Cloud\BLS.Cloud.csproj", "{3E6DEF6E-79EC-46E3-9030-9A4769DFE4E8}"
EndProject
Global
	GlobalSection(SolutionConfigurationPlatforms) = preSolution
		Debug|Any CPU = Debug|Any CPU
		Debug|iPhone = Debug|iPhone
		Debug|iPhoneSimulator = Debug|iPhoneSimulator
		Release|Any CPU = Release|Any CPU
		Release|iPhone = Release|iPhone
		Release|iPhoneSimulator = Release|iPhoneSimulator
	EndGlobalSection
	GlobalSection(ProjectConfigurationPlatforms) = postSolution
		{46F63708-5357-4F59-B05D-11D7FC12B998}.Debug|Any CPU.ActiveCfg = Debug|iPhoneSimulator
		{46F63708-5357-4F59-B05D-11D7FC12B998}.Debug|Any CPU.Build.0 = Debug|iPhoneSimulator
		{46F63708-5357-4F59-B05D-11D7FC12B998}.Debug|Any CPU.Deploy.0 = Debug|iPhoneSimulator
		{46F63708-5357-4F59-B05D-11D7FC12B998}.Debug|iPhone.ActiveCfg = Debug|iPhone
		{46F63708-5357-4F59-B05D-11D7FC12B998}.Debug|iPhone.Build.0 = Debug|iPhone
		{46F63708-5357-4F59-B05D-11D7FC12B998}.Debug|iPhone.Deploy.0 = Debug|iPhone
		{46F63708-5357-4F59-B05D-11D7FC12B998}.Debug|iPhoneSimulator.ActiveCfg = Debug|iPhoneSimulator
		{46F63708-5357-4F59-B05D-11D7FC12B998}.Debug|iPhoneSimulator.Build.0 = Debug|iPhoneSimulator
		{46F63708-5357-4F59-B05D-11D7FC12B998}.Debug|iPhoneSimulator.Deploy.0 = Debug|iPhoneSimulator
		{46F63708-5357-4F59-B05D-11D7FC12B998}.Release|Any CPU.ActiveCfg = Release|iPhoneSimulator
		{46F63708-5357-4F59-B05D-11D7FC12B998}.Release|Any CPU.Build.0 = Release|iPhoneSimulator
		{46F63708-5357-4F59-B05D-11D7FC12B998}.Release|Any CPU.Deploy.0 = Release|iPhoneSimulator
		{46F63708-5357-4F59-B05D-11D7FC12B998}.Release|iPhone.ActiveCfg = Release|iPhone
		{46F63708-5357-4F59-B05D-11D7FC12B998}.Release|iPhone.Build.0 = Release|iPhone
		{46F63708-5357-4F59-B05D-11D7FC12B998}.Release|iPhone.Deploy.0 = Release|iPhone
		{46F63708-5357-4F59-B05D-11D7FC12B998}.Release|iPhoneSimulator.ActiveCfg = Release|iPhoneSimulator
		{46F63708-5357-4F59-B05D-11D7FC12B998}.Release|iPhoneSimulator.Build.0 = Release|iPhoneSimulator
		{46F63708-5357-4F59-B05D-11D7FC12B998}.Release|iPhoneSimulator.Deploy.0 = Release|iPhoneSimulator
		{3E6DEF6E-79EC-46E3-9030-9A4769DFE4E8}.Debug|Any CPU.ActiveCfg = Debug|Any CPU
		{3E6DEF6E-79EC-46E3-9030-9A4769DFE4E8}.Debug|Any CPU.Build.0 = Debug|Any CPU
		{3E6DEF6E-79EC-46E3-9030-9A4769DFE4E8}.Debug|iPhone.ActiveCfg = Debug|Any CPU
		{3E6DEF6E-79EC-46E3-9030-9A4769DFE4E8}.Debug|iPhone.Build.0 = Debug|Any CPU
		{3E6DEF6E-79EC-46E3-9030-9A4769DFE4E8}.Debug|iPhoneSimulator.ActiveCfg = Debug|Any CPU
		{3E6DEF6E-79EC-46E3-9030-9A4769DFE4E8}.Debug|iPhoneSimulator.Build.0 = Debug|Any CPU
		{3E6DEF6E-79EC-46E3-9030-9A4769DFE4E8}.Release|Any CPU.ActiveCfg = Release|Any CPU
		{3E6DEF6E-79EC-46E3-9030-9A4769DFE4E8}.Release|Any CPU.Build.0 = Release|Any CPU
		{3E6DEF6E-79EC-46E3-9030-9A4769DFE4E8}.Release|iPhone.ActiveCfg = Release|Any CPU
		{3E6DEF6E-79EC-46E3-9030-9A4769DFE4E8}.Release|iPhone.Build.0 = Release|Any CPU
		{3E6DEF6E-79EC-46E3-9030-9A4769DFE4E8}.Release|iPhoneSimulator.ActiveCfg = Release|Any CPU
		{3E6DEF6E-79EC-46E3-9030-9A4769DFE4E8}.Release|iPhoneSimulator.Build.0 = Release|Any CPU
	EndGlobalSection
	GlobalSection(SolutionProperties) = preSolution
		HideSolutionNode = FALSE
	EndGlobalSection
	GlobalSection(ExtensibilityGlobals) = postSolution
		SolutionGuid = {1BDD3F6F-077F-4B98-BB89-31B27247EEF1}
	EndGlobalSection
EndGlobal
