
Microsoft Visual Studio Solution File, Format Version 12.00
# Visual Studio Version 17
VisualStudioVersion = 17.8.34316.72
MinimumVisualStudioVersion = 10.0.40219.1
Project("{FAE04EC0-301F-11D3-BF4B-00C04F79EFBC}") = "BodyLifeSkillsPlatform.iOS", "BodyLifeSkillsPlatform.iOS.csproj", "{044C06FD-643C-4748-996C-5E720140BFB2}"
EndProject
Global
	GlobalSection(SolutionConfigurationPlatforms) = preSolution
		Ad-Hoc|iPhone = Ad-Hoc|iPhone
		Ad-Hoc|iPhoneSimulator = Ad-Hoc|iPhoneSimulator
		AppStore|iPhone = AppStore|iPhone
		AppStore|iPhoneSimulator = AppStore|iPhoneSimulator
		Debug|iPhone = Debug|iPhone
		Debug|iPhoneSimulator = Debug|iPhoneSimulator
		Release|iPhone = Release|iPhone
		Release|iPhoneSimulator = Release|iPhoneSimulator
	EndGlobalSection
	GlobalSection(ProjectConfigurationPlatforms) = postSolution
		{044C06FD-643C-4748-996C-5E720140BFB2}.Ad-Hoc|iPhone.ActiveCfg = Ad-Hoc|iPhone
		{044C06FD-643C-4748-996C-5E720140BFB2}.Ad-Hoc|iPhone.Build.0 = Ad-Hoc|iPhone
		{044C06FD-643C-4748-996C-5E720140BFB2}.Ad-Hoc|iPhoneSimulator.ActiveCfg = Ad-Hoc|iPhoneSimulator
		{044C06FD-643C-4748-996C-5E720140BFB2}.Ad-Hoc|iPhoneSimulator.Build.0 = Ad-Hoc|iPhoneSimulator
		{044C06FD-643C-4748-996C-5E720140BFB2}.AppStore|iPhone.ActiveCfg = AppStore|iPhone
		{044C06FD-643C-4748-996C-5E720140BFB2}.AppStore|iPhone.Build.0 = AppStore|iPhone
		{044C06FD-643C-4748-996C-5E720140BFB2}.AppStore|iPhoneSimulator.ActiveCfg = AppStore|iPhoneSimulator
		{044C06FD-643C-4748-996C-5E720140BFB2}.AppStore|iPhoneSimulator.Build.0 = AppStore|iPhoneSimulator
		{044C06FD-643C-4748-996C-5E720140BFB2}.Debug|iPhone.ActiveCfg = Debug|iPhone
		{044C06FD-643C-4748-996C-5E720140BFB2}.Debug|iPhone.Build.0 = Debug|iPhone
		{044C06FD-643C-4748-996C-5E720140BFB2}.Debug|iPhone.Deploy.0 = Debug|iPhone
		{044C06FD-643C-4748-996C-5E720140BFB2}.Debug|iPhoneSimulator.ActiveCfg = Debug|iPhoneSimulator
		{044C06FD-643C-4748-996C-5E720140BFB2}.Debug|iPhoneSimulator.Build.0 = Debug|iPhoneSimulator
		{044C06FD-643C-4748-996C-5E720140BFB2}.Release|iPhone.ActiveCfg = Release|iPhone
		{044C06FD-643C-4748-996C-5E720140BFB2}.Release|iPhone.Build.0 = Release|iPhone
		{044C06FD-643C-4748-996C-5E720140BFB2}.Release|iPhoneSimulator.ActiveCfg = Release|iPhoneSimulator
		{044C06FD-643C-4748-996C-5E720140BFB2}.Release|iPhoneSimulator.Build.0 = Release|iPhoneSimulator
	EndGlobalSection
	GlobalSection(SolutionProperties) = preSolution
		HideSolutionNode = FALSE
	EndGlobalSection
	GlobalSection(ExtensibilityGlobals) = postSolution
		SolutionGuid = {DAF8197F-C726-412F-8EB8-8006E3DCFC3C}
	EndGlobalSection
EndGlobal
