
Microsoft Visual Studio Solution File, Format Version 12.00
# Visual Studio 2013
VisualStudioVersion = 12.0.31101.0
MinimumVisualStudioVersion = 10.0.40219.1
Project("{FAE04EC0-301F-11D3-BF4B-00C04F79EFBC}") = "Sample.iOS", "Sample.iOS\Sample.iOS.csproj", "{FE20BA50-8A76-4151-A7B2-7B4CA716EFD6}"
EndProject
Global
	GlobalSection(SolutionConfigurationPlatforms) = preSolution
		Ad-Hoc|Any CPU = Ad-Hoc|Any CPU
		Ad-Hoc|iPhone = Ad-Hoc|iPhone
		Ad-Hoc|iPhoneSimulator = Ad-Hoc|iPhoneSimulator
		Ad-Hoc|Mixed Platforms = Ad-Hoc|Mixed Platforms
		AppStore|Any CPU = AppStore|Any CPU
		AppStore|iPhone = AppStore|iPhone
		AppStore|iPhoneSimulator = AppStore|iPhoneSimulator
		AppStore|Mixed Platforms = AppStore|Mixed Platforms
		Debug|Any CPU = Debug|Any CPU
		Debug|iPhone = Debug|iPhone
		Debug|iPhoneSimulator = Debug|iPhoneSimulator
		Debug|Mixed Platforms = Debug|Mixed Platforms
		Release|Any CPU = Release|Any CPU
		Release|iPhone = Release|iPhone
		Release|iPhoneSimulator = Release|iPhoneSimulator
		Release|Mixed Platforms = Release|Mixed Platforms
	EndGlobalSection
	GlobalSection(ProjectConfigurationPlatforms) = postSolution
		{FE20BA50-8A76-4151-A7B2-7B4CA716EFD6}.Ad-Hoc|Any CPU.ActiveCfg = Ad-Hoc|iPhoneSimulator
		{FE20BA50-8A76-4151-A7B2-7B4CA716EFD6}.Ad-Hoc|iPhone.ActiveCfg = Ad-Hoc|iPhone
		{FE20BA50-8A76-4151-A7B2-7B4CA716EFD6}.Ad-Hoc|iPhone.Build.0 = Ad-Hoc|iPhone
		{FE20BA50-8A76-4151-A7B2-7B4CA716EFD6}.Ad-Hoc|iPhoneSimulator.ActiveCfg = Ad-Hoc|iPhoneSimulator
		{FE20BA50-8A76-4151-A7B2-7B4CA716EFD6}.Ad-Hoc|iPhoneSimulator.Build.0 = Ad-Hoc|iPhoneSimulator
		{FE20BA50-8A76-4151-A7B2-7B4CA716EFD6}.Ad-Hoc|Mixed Platforms.ActiveCfg = Ad-Hoc|iPhoneSimulator
		{FE20BA50-8A76-4151-A7B2-7B4CA716EFD6}.Ad-Hoc|Mixed Platforms.Build.0 = Ad-Hoc|iPhoneSimulator
		{FE20BA50-8A76-4151-A7B2-7B4CA716EFD6}.AppStore|Any CPU.ActiveCfg = AppStore|iPhoneSimulator
		{FE20BA50-8A76-4151-A7B2-7B4CA716EFD6}.AppStore|iPhone.ActiveCfg = AppStore|iPhone
		{FE20BA50-8A76-4151-A7B2-7B4CA716EFD6}.AppStore|iPhone.Build.0 = AppStore|iPhone
		{FE20BA50-8A76-4151-A7B2-7B4CA716EFD6}.AppStore|iPhoneSimulator.ActiveCfg = AppStore|iPhoneSimulator
		{FE20BA50-8A76-4151-A7B2-7B4CA716EFD6}.AppStore|iPhoneSimulator.Build.0 = AppStore|iPhoneSimulator
		{FE20BA50-8A76-4151-A7B2-7B4CA716EFD6}.AppStore|Mixed Platforms.ActiveCfg = AppStore|iPhoneSimulator
		{FE20BA50-8A76-4151-A7B2-7B4CA716EFD6}.AppStore|Mixed Platforms.Build.0 = AppStore|iPhoneSimulator
		{FE20BA50-8A76-4151-A7B2-7B4CA716EFD6}.Debug|Any CPU.ActiveCfg = Debug|iPhoneSimulator
		{FE20BA50-8A76-4151-A7B2-7B4CA716EFD6}.Debug|iPhone.ActiveCfg = Debug|iPhone
		{FE20BA50-8A76-4151-A7B2-7B4CA716EFD6}.Debug|iPhone.Build.0 = Debug|iPhone
		{FE20BA50-8A76-4151-A7B2-7B4CA716EFD6}.Debug|iPhoneSimulator.ActiveCfg = Debug|iPhoneSimulator
		{FE20BA50-8A76-4151-A7B2-7B4CA716EFD6}.Debug|iPhoneSimulator.Build.0 = Debug|iPhoneSimulator
		{FE20BA50-8A76-4151-A7B2-7B4CA716EFD6}.Debug|Mixed Platforms.ActiveCfg = Debug|iPhoneSimulator
		{FE20BA50-8A76-4151-A7B2-7B4CA716EFD6}.Debug|Mixed Platforms.Build.0 = Debug|iPhoneSimulator
		{FE20BA50-8A76-4151-A7B2-7B4CA716EFD6}.Release|Any CPU.ActiveCfg = Release|iPhoneSimulator
		{FE20BA50-8A76-4151-A7B2-7B4CA716EFD6}.Release|iPhone.ActiveCfg = Release|iPhone
		{FE20BA50-8A76-4151-A7B2-7B4CA716EFD6}.Release|iPhone.Build.0 = Release|iPhone
		{FE20BA50-8A76-4151-A7B2-7B4CA716EFD6}.Release|iPhoneSimulator.ActiveCfg = Release|iPhoneSimulator
		{FE20BA50-8A76-4151-A7B2-7B4CA716EFD6}.Release|iPhoneSimulator.Build.0 = Release|iPhoneSimulator
		{FE20BA50-8A76-4151-A7B2-7B4CA716EFD6}.Release|Mixed Platforms.ActiveCfg = Release|iPhoneSimulator
		{FE20BA50-8A76-4151-A7B2-7B4CA716EFD6}.Release|Mixed Platforms.Build.0 = Release|iPhoneSimulator
		{87565A23-0238-4E76-AE9D-93036EAB2320}.Ad-Hoc|Any CPU.ActiveCfg = Release|Any CPU
		{87565A23-0238-4E76-AE9D-93036EAB2320}.Ad-Hoc|Any CPU.Build.0 = Release|Any CPU
		{87565A23-0238-4E76-AE9D-93036EAB2320}.Ad-Hoc|iPhone.ActiveCfg = Release|Any CPU
		{87565A23-0238-4E76-AE9D-93036EAB2320}.Ad-Hoc|iPhoneSimulator.ActiveCfg = Release|Any CPU
		{87565A23-0238-4E76-AE9D-93036EAB2320}.Ad-Hoc|Mixed Platforms.ActiveCfg = Release|Any CPU
		{87565A23-0238-4E76-AE9D-93036EAB2320}.Ad-Hoc|Mixed Platforms.Build.0 = Release|Any CPU
		{87565A23-0238-4E76-AE9D-93036EAB2320}.AppStore|Any CPU.ActiveCfg = Release|Any CPU
		{87565A23-0238-4E76-AE9D-93036EAB2320}.AppStore|Any CPU.Build.0 = Release|Any CPU
		{87565A23-0238-4E76-AE9D-93036EAB2320}.AppStore|iPhone.ActiveCfg = Release|Any CPU
		{87565A23-0238-4E76-AE9D-93036EAB2320}.AppStore|iPhoneSimulator.ActiveCfg = Release|Any CPU
		{87565A23-0238-4E76-AE9D-93036EAB2320}.AppStore|Mixed Platforms.ActiveCfg = Release|Any CPU
		{87565A23-0238-4E76-AE9D-93036EAB2320}.AppStore|Mixed Platforms.Build.0 = Release|Any CPU
		{87565A23-0238-4E76-AE9D-93036EAB2320}.Debug|Any CPU.ActiveCfg = Debug|Any CPU
		{87565A23-0238-4E76-AE9D-93036EAB2320}.Debug|Any CPU.Build.0 = Debug|Any CPU
		{87565A23-0238-4E76-AE9D-93036EAB2320}.Debug|iPhone.ActiveCfg = Debug|Any CPU
		{87565A23-0238-4E76-AE9D-93036EAB2320}.Debug|iPhoneSimulator.ActiveCfg = Debug|Any CPU
		{87565A23-0238-4E76-AE9D-93036EAB2320}.Debug|Mixed Platforms.ActiveCfg = Debug|Any CPU
		{87565A23-0238-4E76-AE9D-93036EAB2320}.Debug|Mixed Platforms.Build.0 = Debug|Any CPU
		{87565A23-0238-4E76-AE9D-93036EAB2320}.Release|Any CPU.ActiveCfg = Release|Any CPU
		{87565A23-0238-4E76-AE9D-93036EAB2320}.Release|Any CPU.Build.0 = Release|Any CPU
		{87565A23-0238-4E76-AE9D-93036EAB2320}.Release|iPhone.ActiveCfg = Release|Any CPU
		{87565A23-0238-4E76-AE9D-93036EAB2320}.Release|iPhoneSimulator.ActiveCfg = Release|Any CPU
		{87565A23-0238-4E76-AE9D-93036EAB2320}.Release|Mixed Platforms.ActiveCfg = Release|Any CPU
		{87565A23-0238-4E76-AE9D-93036EAB2320}.Release|Mixed Platforms.Build.0 = Release|Any CPU
		{9C571CD5-DF07-4C04-8F32-4AD1CCCD65EF}.Ad-Hoc|Any CPU.ActiveCfg = Release|Any CPU
		{9C571CD5-DF07-4C04-8F32-4AD1CCCD65EF}.Ad-Hoc|Any CPU.Build.0 = Release|Any CPU
		{9C571CD5-DF07-4C04-8F32-4AD1CCCD65EF}.Ad-Hoc|iPhone.ActiveCfg = Release|Any CPU
		{9C571CD5-DF07-4C04-8F32-4AD1CCCD65EF}.Ad-Hoc|iPhoneSimulator.ActiveCfg = Release|Any CPU
		{9C571CD5-DF07-4C04-8F32-4AD1CCCD65EF}.Ad-Hoc|Mixed Platforms.ActiveCfg = Release|Any CPU
		{9C571CD5-DF07-4C04-8F32-4AD1CCCD65EF}.Ad-Hoc|Mixed Platforms.Build.0 = Release|Any CPU
		{9C571CD5-DF07-4C04-8F32-4AD1CCCD65EF}.AppStore|Any CPU.ActiveCfg = Release|Any CPU
		{9C571CD5-DF07-4C04-8F32-4AD1CCCD65EF}.AppStore|Any CPU.Build.0 = Release|Any CPU
		{9C571CD5-DF07-4C04-8F32-4AD1CCCD65EF}.AppStore|iPhone.ActiveCfg = Release|Any CPU
		{9C571CD5-DF07-4C04-8F32-4AD1CCCD65EF}.AppStore|iPhoneSimulator.ActiveCfg = Release|Any CPU
		{9C571CD5-DF07-4C04-8F32-4AD1CCCD65EF}.AppStore|Mixed Platforms.ActiveCfg = Release|Any CPU
		{9C571CD5-DF07-4C04-8F32-4AD1CCCD65EF}.AppStore|Mixed Platforms.Build.0 = Release|Any CPU
		{9C571CD5-DF07-4C04-8F32-4AD1CCCD65EF}.Debug|Any CPU.ActiveCfg = Debug|Any CPU
		{9C571CD5-DF07-4C04-8F32-4AD1CCCD65EF}.Debug|Any CPU.Build.0 = Debug|Any CPU
		{9C571CD5-DF07-4C04-8F32-4AD1CCCD65EF}.Debug|iPhone.ActiveCfg = Debug|Any CPU
		{9C571CD5-DF07-4C04-8F32-4AD1CCCD65EF}.Debug|iPhoneSimulator.ActiveCfg = Debug|Any CPU
		{9C571CD5-DF07-4C04-8F32-4AD1CCCD65EF}.Debug|Mixed Platforms.ActiveCfg = Debug|Any CPU
		{9C571CD5-DF07-4C04-8F32-4AD1CCCD65EF}.Debug|Mixed Platforms.Build.0 = Debug|Any CPU
		{9C571CD5-DF07-4C04-8F32-4AD1CCCD65EF}.Release|Any CPU.ActiveCfg = Release|Any CPU
		{9C571CD5-DF07-4C04-8F32-4AD1CCCD65EF}.Release|Any CPU.Build.0 = Release|Any CPU
		{9C571CD5-DF07-4C04-8F32-4AD1CCCD65EF}.Release|iPhone.ActiveCfg = Release|Any CPU
		{9C571CD5-DF07-4C04-8F32-4AD1CCCD65EF}.Release|iPhoneSimulator.ActiveCfg = Release|Any CPU
		{9C571CD5-DF07-4C04-8F32-4AD1CCCD65EF}.Release|Mixed Platforms.ActiveCfg = Release|Any CPU
		{9C571CD5-DF07-4C04-8F32-4AD1CCCD65EF}.Release|Mixed Platforms.Build.0 = Release|Any CPU
	EndGlobalSection
	GlobalSection(SolutionProperties) = preSolution
		HideSolutionNode = FALSE
	EndGlobalSection
EndGlobal
